
Microsoft Visual Studio Solution File, Format Version 12.00
# Visual Studio Version 17
VisualStudioVersion = 17.6.33815.320
MinimumVisualStudioVersion = 10.0.40219.1
Project("{FAE04EC0-301F-11D3-BF4B-00C04F79EFBC}") = "Car_Rental_System", "Car_Rental_System\Car_Rental_System.csproj", "{02BBC65E-1DAC-4014-95A0-21D3C0A87A7F}"
EndProject
Global
	GlobalSection(SolutionConfigurationPlatforms) = preSolution
		Debug|Any CPU = Debug|Any CPU
		Release|Any CPU = Release|Any CPU
	EndGlobalSection
	GlobalSection(ProjectConfigurationPlatforms) = postSolution
		{02BBC65E-1DAC-4014-95A0-21D3C0A87A7F}.Debug|Any CPU.ActiveCfg = Debug|Any CPU
		{02BBC65E-1DAC-4014-95A0-21D3C0A87A7F}.Debug|Any CPU.Build.0 = Debug|Any CPU
		{02BBC65E-1DAC-4014-95A0-21D3C0A87A7F}.Release|Any CPU.ActiveCfg = Release|Any CPU
		{02BBC65E-1DAC-4014-95A0-21D3C0A87A7F}.Release|Any CPU.Build.0 = Release|Any CPU
	EndGlobalSection
	GlobalSection(SolutionProperties) = preSolution
		HideSolutionNode = FALSE
	EndGlobalSection
	GlobalSection(ExtensibilityGlobals) = postSolution
		SolutionGuid = {52AD3729-665B-413D-B396-407CF8D0A140}
	EndGlobalSection
EndGlobal
